{
  "name": "roadmap-runner",
  "lockfileVersion": 2,
  "requires": true,
  "packages": {
    "": {
      "dependencies": {
        "react-router-dom": "^6.6.2"
      }
    },
    "node_modules/@remix-run/router": {
      "version": "1.2.1",
      "resolved": "https://registry.npmjs.org/@remix-run/router/-/router-1.2.1.tgz",
      "integrity": "sha512-XiY0IsyHR+DXYS5vBxpoBe/8veTeoRpMHP+vDosLZxL5bnpetzI0igkxkLZS235ldLzyfkxF+2divEwWHP3vMQ==",
      "engines": {
        "node": ">=14"
      }
    },
    "node_modules/react-router": {
      "version": "6.6.2",
      "resolved": "https://registry.npmjs.org/react-router/-/react-router-6.6.2.tgz",
      "integrity": "sha512-uJPG55Pek3orClbURDvfljhqFvMgJRo59Pktywkk8hUUkTY2aRfza8Yhl/vZQXs+TNQyr6tu+uqz/fLxPICOGQ==",
      "dependencies": {
        "@remix-run/router": "1.2.1"
      },
      "engines": {
        "node": ">=14"
      },
      "peerDependencies": {
        "react": ">=16.8"
      }
    },
    "node_modules/react-router-dom": {
      "version": "6.6.2",
      "resolved": "https://registry.npmjs.org/react-router-dom/-/react-router-dom-6.6.2.tgz",
      "integrity": "sha512-6SCDXxRQqW5af8ImOqKza7icmQ47/EMbz572uFjzvcArg3lZ+04PxSPp8qGs+p2Y+q+b+S/AjXv8m8dyLndIIA==",
      "dependencies": {
        "@remix-run/router": "1.2.1",
        "react-router": "6.6.2"
      },
      "engines": {
        "node": ">=14"
      },
      "peerDependencies": {
        "react": ">=16.8",
        "react-dom": ">=16.8"
      }
    }
  },
  "dependencies": {
    "@remix-run/router": {
      "version": "1.2.1",
      "resolved": "https://registry.npmjs.org/@remix-run/router/-/router-1.2.1.tgz",
      "integrity": "sha512-XiY0IsyHR+DXYS5vBxpoBe/8veTeoRpMHP+vDosLZxL5bnpetzI0igkxkLZS235ldLzyfkxF+2divEwWHP3vMQ=="
    },
    "react-router": {
      "version": "6.6.2",
      "resolved": "https://registry.npmjs.org/react-router/-/react-router-6.6.2.tgz",
      "integrity": "sha512-uJPG55Pek3orClbURDvfljhqFvMgJRo59Pktywkk8hUUkTY2aRfza8Yhl/vZQXs+TNQyr6tu+uqz/fLxPICOGQ==",
      "requires": {
        "@remix-run/router": "1.2.1"
      }
    },
    "react-router-dom": {
      "version": "6.6.2",
      "resolved": "https://registry.npmjs.org/react-router-dom/-/react-router-dom-6.6.2.tgz",
      "integrity": "sha512-6SCDXxRQqW5af8ImOqKza7icmQ47/EMbz572uFjzvcArg3lZ+04PxSPp8qGs+p2Y+q+b+S/AjXv8m8dyLndIIA==",
      "requires": {
        "@remix-run/router": "1.2.1",
        "react-router": "6.6.2"
      }
    }
  }
}
